# This file is automatically @generated by Cargo.
# It is not intended for manual editing.
version = 4

[[package]]
name = "ahash"
version = "0.3.8"
source = "registry+https://github.com/rust-lang/crates.io-index"
checksum = "e8fd72866655d1904d6b0997d0b07ba561047d070fbe29de039031c641b61217"

[[package]]
name = "ansi_term"
version = "0.11.0"
source = "registry+https://github.com/rust-lang/crates.io-index"
checksum = "ee49baf6cb617b853aa8d93bf420db2383fab46d314482ca2803b40d5fde979b"
dependencies = [
 "winapi",
]

[[package]]
name = "api"
version = "0.1.0"
dependencies = [
 "ordered-float 0.3.0",
 "thrift",
 "try_from",
]

[[package]]
name = "apis_interface"
version = "0.1.0"
dependencies = [
 "thrift",
]

[[package]]
name = "apis_log"
version = "0.1.0"
dependencies = [
 "thrift",
]

[[package]]
name = "apis_route"
version = "0.1.0"
dependencies = [
 "thrift",
]

[[package]]
name = "atty"
version = "0.2.14"
source = "registry+https://github.com/rust-lang/crates.io-index"
checksum = "d9b39be18770d11421cdb1b9947a45dd3f37e93092cbf377614828a319d5fee8"
dependencies = [
 "hermit-abi",
 "libc",
 "winapi",
]

[[package]]
name = "autocfg"
version = "0.1.7"
source = "registry+https://github.com/rust-lang/crates.io-index"
checksum = "1d49d90015b3c36167a20fe2810c5cd875ad504b39cff3d4eae7977e6b7c1cb2"

[[package]]
name = "autocfg"
version = "1.0.0"
source = "registry+https://github.com/rust-lang/crates.io-index"
checksum = "f8aac770f1885fd7e387acedd76065302551364496e46b3dd00860b2f8359b9d"

[[package]]
name = "bitflags"
version = "1.2.1"
source = "registry+https://github.com/rust-lang/crates.io-index"
checksum = "cf1de2fe8c75bc145a2f577add951f8134889b4795d47466a54a5c846d691693"

[[package]]
name = "byteorder"
version = "1.3.2"
source = "registry+https://github.com/rust-lang/crates.io-index"
checksum = "a7c3dd8985a7111efc5c80b44e23ecdd8c007de8ade3b96595387e812b957cf5"

[[package]]
name = "cfg-if"
version = "0.1.9"
source = "registry+https://github.com/rust-lang/crates.io-index"
checksum = "b486ce3ccf7ffd79fdeb678eac06a9e6c09fc88d33836340becb8fffe87c5e33"

[[package]]
name = "clap"
version = "2.33.0"
source = "registry+https://github.com/rust-lang/crates.io-index"
checksum = "5067f5bb2d80ef5d68b4c87db81601f0b75bca627bc2ef76b141d7b846a3c6d9"
dependencies = [
 "ansi_term",
 "atty",
 "bitflags",
 "strsim",
 "textwrap",
 "unicode-width",
 "vec_map",
 "yaml-rust",
]

[[package]]
name = "common"
version = "0.1.0"

[[package]]
name = "counters"
version = "0.1.0"
dependencies = [
 "common",
 "shm",
]

[[package]]
name = "crossbeam-queue"
version = "0.2.1"
source = "registry+https://github.com/rust-lang/crates.io-index"
checksum = "c695eeca1e7173472a32221542ae469b3e9aac3a4fc81f7696bcad82029493db"
dependencies = [
 "cfg-if",
 "crossbeam-utils",
]

[[package]]
name = "crossbeam-utils"
version = "0.7.2"
source = "registry+https://github.com/rust-lang/crates.io-index"
checksum = "c3c7c73a2d1e9fc0886a08b93e98eb643461230d5f1925e4036204d5f2e261a8"
dependencies = [
 "autocfg 1.0.0",
 "cfg-if",
 "lazy_static",
]

[[package]]
name = "dlv-list"
version = "0.2.2"
source = "registry+https://github.com/rust-lang/crates.io-index"
checksum = "1b391911b9a786312a10cb9d2b3d0735adfd5a8113eb3648de26a75e91b0826c"
dependencies = [
 "rand",
]

[[package]]
name = "dpdk"
version = "0.1.0"
dependencies = [
 "counters",
 "crossbeam-queue",
 "dpdk-ffi",
 "graph",
 "libc",
 "packet",
 "socket",
]

[[package]]
name = "dpdk-ffi"
version = "0.1.0"
dependencies = [
 "libc",
]

[[package]]
name = "efd"
version = "0.1.0"
dependencies = [
 "libc",
]

[[package]]
name = "epoll"
version = "0.1.0"
dependencies = [
 "efd",
 "libc",
]

[[package]]
name = "fwd"
version = "0.1.0"
dependencies = [
 "common",
 "counters",
 "log 0.1.0",
 "treebitmap",
]

[[package]]
name = "getrandom"
version = "0.1.14"
source = "registry+https://github.com/rust-lang/crates.io-index"
checksum = "7abc8dd8451921606d809ba32e95b6111925cd2906060d2dcc29c070220503eb"
dependencies = [
 "cfg-if",
 "libc",
 "wasi",
]

[[package]]
name = "graph"
version = "0.1.0"
dependencies = [
 "counters",
 "crossbeam-queue",
 "log 0.1.0",
 "names",
 "packet",
 "perf",
]

[[package]]
name = "hashbrown"
version = "0.7.2"
source = "registry+https://github.com/rust-lang/crates.io-index"
checksum = "96282e96bfcd3da0d3aa9938bedf1e50df3269b6db08b4876d2da0bb1a0841cf"
dependencies = [
 "ahash",
 "autocfg 1.0.0",
]

[[package]]
name = "hermit-abi"
version = "0.1.6"
source = "registry+https://github.com/rust-lang/crates.io-index"
checksum = "eff2656d88f158ce120947499e971d743c05dbcbed62e5bd2f38f1698bbc3772"
dependencies = [
 "libc",
]

[[package]]
name = "integer-encoding"
version = "1.0.7"
source = "registry+https://github.com/rust-lang/crates.io-index"
checksum = "1aec89c15e2cfa0f0eae8ca60e03cb10b30d25ea2c0ad7d6be60a95e32729994"

[[package]]
name = "interface"
version = "0.1.0"
dependencies = [
 "common",
 "counters",
 "crossbeam-queue",
 "dpdk",
 "efd",
 "fwd",
 "graph",
 "log 0.1.0",
 "msg",
 "names",
 "packet",
 "sched",
 "socket",
]

[[package]]
name = "l2_eth_decap"
version = "0.1.0"
dependencies = [
 "common",
 "counters",
 "fwd",
 "graph",
 "log 0.1.0",
 "msg",
 "names",
 "packet",
]

[[package]]
name = "l2_eth_encap"
version = "0.1.0"
dependencies = [
 "common",
 "counters",
 "fwd",
 "graph",
 "log 0.1.0",
 "msg",
 "names",
 "packet",
]

[[package]]
name = "l3_ipv4_fwd"
version = "0.1.0"
dependencies = [
 "counters",
 "fwd",
 "graph",
 "log 0.1.0",
 "msg",
 "names",
 "packet",
]

[[package]]
name = "l3_ipv4_parse"
version = "0.1.0"
dependencies = [
 "common",
 "counters",
 "fwd",
 "graph",
 "log 0.1.0",
 "names",
 "packet",
]

[[package]]
name = "lazy_static"
version = "1.4.0"
source = "registry+https://github.com/rust-lang/crates.io-index"
checksum = "e2abad23fbc42b3700f2f279844dc832adb2b2eb069b2df918f455c4e18cc646"

[[package]]
name = "libc"
version = "0.2.171"
source = "registry+https://github.com/rust-lang/crates.io-index"
checksum = "c19937216e9d3aa9956d9bb8dfc0b0c8beb6058fc4f7a4dc4d850edf86a237d6"

[[package]]
name = "log"
version = "0.1.0"
dependencies = [
 "common",
 "libc",
 "shm",
 "thrift",
]

[[package]]
name = "log"
version = "0.4.8"
source = "registry+https://github.com/rust-lang/crates.io-index"
checksum = "14b6052be84e6b71ab17edffc2eeabf5c2c3ae1fdb464aae35ac50c67a44e1f7"
dependencies = [
 "cfg-if",
]

[[package]]
name = "msg"
version = "0.1.0"
dependencies = [
 "common",
 "counters",
 "fwd",
 "graph",
 "log 0.1.0",
 "treebitmap",
]

[[package]]
name = "names"
version = "0.1.0"

[[package]]
name = "num-traits"
version = "0.1.43"
source = "registry+https://github.com/rust-lang/crates.io-index"
checksum = "92e5113e9fd4cc14ded8e499429f396a20f98c772a47cc8622a736e1ec843c31"
dependencies = [
 "num-traits 0.2.10",
]

[[package]]
name = "num-traits"
version = "0.2.10"
source = "registry+https://github.com/rust-lang/crates.io-index"
checksum = "d4c81ffc11c212fa327657cb19dd85eb7419e163b5b076bede2bdb5c974c07e4"
dependencies = [
 "autocfg 0.1.7",
]

[[package]]
name = "num_cpus"
version = "1.11.1"
source = "registry+https://github.com/rust-lang/crates.io-index"
checksum = "76dac5ed2a876980778b8b85f75a71b6cbf0db0b1232ee12f826bccb00d09d72"
dependencies = [
 "hermit-abi",
 "libc",
]

[[package]]
name = "ordered-float"
version = "0.3.0"
source = "registry+https://github.com/rust-lang/crates.io-index"
checksum = "37b8eade67f6fdf7e4049744d5439cfbfd33b684ef8991da4265eb5d5c9fb550"
dependencies = [
 "num-traits 0.1.43",
 "unreachable",
]

[[package]]
name = "ordered-float"
version = "1.0.2"
source = "registry+https://github.com/rust-lang/crates.io-index"
checksum = "18869315e81473c951eb56ad5558bbc56978562d3ecfb87abb7a1e944cea4518"
dependencies = [
 "num-traits 0.2.10",
]

[[package]]
name = "ordered-multimap"
version = "0.2.4"
source = "registry+https://github.com/rust-lang/crates.io-index"
checksum = "e88f947c6799d5eff50e6cf8a2365c17ac4aa8f8f43aceeedc29b616d872a358"
dependencies = [
 "dlv-list",
 "hashbrown",
]

[[package]]
name = "packet"
version = "0.1.0"
dependencies = [
 "counters",
 "crossbeam-queue",
 "fwd",
]

[[package]]
name = "perf"
version = "0.1.0"
dependencies = [
 "counters",
]

[[package]]
name = "ppv-lite86"
version = "0.2.9"
source = "registry+https://github.com/rust-lang/crates.io-index"
checksum = "c36fa947111f5c62a733b652544dd0016a43ce89619538a8ef92724a6f501a20"

[[package]]
name = "r2"
version = "0.1.0"
dependencies = [
 "api",
 "apis_interface",
 "apis_log",
 "apis_route",
 "clap",
 "common",
 "counters",
 "crossbeam-queue",
 "dpdk",
 "efd",
 "epoll",
 "fwd",
 "graph",
 "interface",
 "l2_eth_decap",
 "l2_eth_encap",
 "l3_ipv4_fwd",
 "l3_ipv4_parse",
 "log 0.1.0",
 "msg",
 "names",
 "packet",
 "perf",
 "rust-ini",
 "sched",
 "socket",
 "thrift",
]

[[package]]
name = "r2cnt"
version = "0.1.0"
dependencies = [
 "common",
 "counters",
]

[[package]]
name = "r2intf"
version = "0.1.0"
dependencies = [
 "api",
 "apis_interface",
 "clap",
 "common",
 "fwd",
 "thrift",
]

[[package]]
name = "r2log"
version = "0.1.0"
dependencies = [
 "api",
 "apis_log",
 "clap",
 "common",
 "thrift",
]

[[package]]
name = "r2rt"
version = "0.1.0"
dependencies = [
 "api",
 "apis_route",
 "clap",
 "common",
 "fwd",
 "thrift",
]

[[package]]
name = "rand"
version = "0.7.3"
source = "registry+https://github.com/rust-lang/crates.io-index"
checksum = "6a6b1679d49b24bbfe0c803429aa1874472f50d9b363131f0e89fc356b544d03"
dependencies = [
 "getrandom",
 "libc",
 "rand_chacha",
 "rand_core",
 "rand_hc",
]

[[package]]
name = "rand_chacha"
version = "0.2.2"
source = "registry+https://github.com/rust-lang/crates.io-index"
checksum = "f4c8ed856279c9737206bf725bf36935d8666ead7aa69b52be55af369d193402"
dependencies = [
 "ppv-lite86",
 "rand_core",
]

[[package]]
name = "rand_core"
version = "0.5.1"
source = "registry+https://github.com/rust-lang/crates.io-index"
checksum = "90bde5296fc891b0cef12a6d03ddccc162ce7b2aff54160af9338f8d40df6d19"
dependencies = [
 "getrandom",
]

[[package]]
name = "rand_hc"
version = "0.2.0"
source = "registry+https://github.com/rust-lang/crates.io-index"
checksum = "ca3129af7b92a17112d59ad498c6f81eaf463253766b90396d39ea7a39d6613c"
dependencies = [
 "rand_core",
]

[[package]]
name = "rust-ini"
version = "0.15.3"
source = "registry+https://github.com/rust-lang/crates.io-index"
checksum = "7a3679dd538c876a7b606f3bb951c8a20fc281a0ff7795f59f7cb490e3f979e1"
dependencies = [
 "cfg-if",
 "ordered-multimap",
]

[[package]]
name = "sched"
version = "0.1.0"
dependencies = [
 "common",
 "counters",
 "crossbeam-queue",
 "msg",
 "packet",
]

[[package]]
name = "shm"
version = "0.1.0"
dependencies = [
 "libc",
]

[[package]]
name = "socket"
version = "0.1.0"
dependencies = [
 "common",
 "counters",
 "crossbeam-queue",
 "graph",
 "libc",
 "packet",
]

[[package]]
name = "strsim"
version = "0.8.0"
source = "registry+https://github.com/rust-lang/crates.io-index"
checksum = "8ea5119cdb4c55b55d432abb513a0429384878c15dde60cc77b1c99de1a95a6a"

[[package]]
name = "textwrap"
version = "0.11.0"
source = "registry+https://github.com/rust-lang/crates.io-index"
checksum = "d326610f408c7a4eb6f51c37c330e496b08506c9457c9d34287ecc38809fb060"
dependencies = [
 "unicode-width",
]

[[package]]
name = "threadpool"
version = "1.7.1"
source = "registry+https://github.com/rust-lang/crates.io-index"
checksum = "e2f0c90a5f3459330ac8bc0d2f879c693bb7a2f59689c1083fc4ef83834da865"
dependencies = [
 "num_cpus",
]

[[package]]
name = "thrift"
version = "0.13.0"
source = "registry+https://github.com/rust-lang/crates.io-index"
checksum = "0c6d965454947cc7266d22716ebfd07b18d84ebaf35eec558586bbb2a8cb6b5b"
dependencies = [
 "byteorder",
 "integer-encoding",
 "log 0.4.8",
 "ordered-float 1.0.2",
 "threadpool",
]

[[package]]
name = "treebitmap"
version = "0.4.0"
source = "registry+https://github.com/rust-lang/crates.io-index"
checksum = "6bf423939ac9ccf4083788879b883a7149176586f9cf8b0fb1fd88b66ad692b5"

[[package]]
name = "try_from"
version = "0.2.2"
source = "registry+https://github.com/rust-lang/crates.io-index"
checksum = "923a7ee3e97dbfe8685261beb4511cc9620a1252405d02693d43169729570111"

[[package]]
name = "unicode-width"
version = "0.1.7"
source = "registry+https://github.com/rust-lang/crates.io-index"
checksum = "caaa9d531767d1ff2150b9332433f32a24622147e5ebb1f26409d5da67afd479"

[[package]]
name = "unreachable"
version = "0.1.1"
source = "registry+https://github.com/rust-lang/crates.io-index"
checksum = "1f2ae5ddb18e1c92664717616dd9549dde73f539f01bd7b77c2edb2446bdff91"
dependencies = [
 "void",
]

[[package]]
name = "vec_map"
version = "0.8.1"
source = "registry+https://github.com/rust-lang/crates.io-index"
checksum = "05c78687fb1a80548ae3250346c3db86a80a7cdd77bda190189f2d0a0987c81a"

[[package]]
name = "void"
version = "1.0.2"
source = "registry+https://github.com/rust-lang/crates.io-index"
checksum = "6a02e4885ed3bc0f2de90ea6dd45ebcbb66dacffe03547fadbb0eeae2770887d"

[[package]]
name = "wasi"
version = "0.9.0+wasi-snapshot-preview1"
source = "registry+https://github.com/rust-lang/crates.io-index"
checksum = "cccddf32554fecc6acb585f82a32a72e28b48f8c4c1883ddfeeeaa96f7d8e519"

[[package]]
name = "winapi"
version = "0.3.8"
source = "registry+https://github.com/rust-lang/crates.io-index"
checksum = "8093091eeb260906a183e6ae1abdba2ef5ef2257a21801128899c3fc699229c6"
dependencies = [
 "winapi-i686-pc-windows-gnu",
 "winapi-x86_64-pc-windows-gnu",
]

[[package]]
name = "winapi-i686-pc-windows-gnu"
version = "0.4.0"
source = "registry+https://github.com/rust-lang/crates.io-index"
checksum = "ac3b87c63620426dd9b991e5ce0329eff545bccbbb34f3be09ff6fb6ab51b7b6"

[[package]]
name = "winapi-x86_64-pc-windows-gnu"
version = "0.4.0"
source = "registry+https://github.com/rust-lang/crates.io-index"
checksum = "712e227841d057c1ee1cd2fb22fa7e5a5461ae8e48fa2ca79ec42cfc1931183f"

[[package]]
name = "yaml-rust"
version = "0.3.5"
source = "registry+https://github.com/rust-lang/crates.io-index"
checksum = "e66366e18dc58b46801afbf2ca7661a9f59cc8c5962c29892b6039b4f86fa992"
